
Microsoft Visual Studio Solution File, Format Version 12.00
# Visual Studio 15
VisualStudioVersion = 15.0.28307.757
MinimumVisualStudioVersion = 10.0.40219.1
Project("{FAE04EC0-301F-11D3-BF4B-00C04F79EFBC}") = "SignIn", "Assignment\SignIn.csproj", "{5E4DB7C6-506E-441E-9869-38C9CF3CECBA}"
EndProject
Project("{FAE04EC0-301F-11D3-BF4B-00C04F79EFBC}") = "Expedia", "Expedia\Expedia.csproj", "{95A3AF47-2014-4D8F-A1DA-CDAD7F64C1F1}"
EndProject
Project("{FAE04EC0-301F-11D3-BF4B-00C04F79EFBC}") = "ReqRes", "ReqRes\ReqRes.csproj", "{89B29E23-BFD5-483B-8979-1573B8F73A82}"
EndProject
Global
	GlobalSection(SolutionConfigurationPlatforms) = preSolution
		Debug|Any CPU = Debug|Any CPU
		Release|Any CPU = Release|Any CPU
	EndGlobalSection
	GlobalSection(ProjectConfigurationPlatforms) = postSolution
		{5E4DB7C6-506E-441E-9869-38C9CF3CECBA}.Debug|Any CPU.ActiveCfg = Debug|Any CPU
		{5E4DB7C6-506E-441E-9869-38C9CF3CECBA}.Debug|Any CPU.Build.0 = Debug|Any CPU
		{5E4DB7C6-506E-441E-9869-38C9CF3CECBA}.Release|Any CPU.ActiveCfg = Release|Any CPU
		{5E4DB7C6-506E-441E-9869-38C9CF3CECBA}.Release|Any CPU.Build.0 = Release|Any CPU
		{95A3AF47-2014-4D8F-A1DA-CDAD7F64C1F1}.Debug|Any CPU.ActiveCfg = Debug|Any CPU
		{95A3AF47-2014-4D8F-A1DA-CDAD7F64C1F1}.Debug|Any CPU.Build.0 = Debug|Any CPU
		{95A3AF47-2014-4D8F-A1DA-CDAD7F64C1F1}.Release|Any CPU.ActiveCfg = Release|Any CPU
		{95A3AF47-2014-4D8F-A1DA-CDAD7F64C1F1}.Release|Any CPU.Build.0 = Release|Any CPU
		{89B29E23-BFD5-483B-8979-1573B8F73A82}.Debug|Any CPU.ActiveCfg = Debug|Any CPU
		{89B29E23-BFD5-483B-8979-1573B8F73A82}.Debug|Any CPU.Build.0 = Debug|Any CPU
		{89B29E23-BFD5-483B-8979-1573B8F73A82}.Release|Any CPU.ActiveCfg = Release|Any CPU
		{89B29E23-BFD5-483B-8979-1573B8F73A82}.Release|Any CPU.Build.0 = Release|Any CPU
	EndGlobalSection
	GlobalSection(SolutionProperties) = preSolution
		HideSolutionNode = FALSE
	EndGlobalSection
	GlobalSection(ExtensibilityGlobals) = postSolution
		SolutionGuid = {00385507-7491-4576-B10E-8C0AB8818F63}
	EndGlobalSection
EndGlobal
